<?xml version="1.0" encoding="utf-8"?>
<Project ToolsVersion="4.0" xmlns="http://schemas.microsoft.com/developer/msbuild/2003">
  <ItemGroup>
    <Filter Include="Archivos de origen">
      <UniqueIdentifier>{4FC737F1-C7A5-4376-A066-2A32D752A2FF}</UniqueIdentifier>
      <Extensions>cpp;c;cc;cxx;c++;cppm;ixx;def;odl;idl;hpj;bat;asm;asmx</Extensions>
    </Filter>
    <Filter Include="Archivos de encabezado">
      <UniqueIdentifier>{93995380-89BD-4b04-88EB-625FBE52EBFB}</UniqueIdentifier>
      <Extensions>h;hh;hpp;hxx;h++;hm;inl;inc;ipp;xsd</Extensions>
    </Filter>
    <Filter Include="Archivos de recursos">
      <UniqueIdentifier>{67DA6AB6-F800-4c08-8B7A-83BB121AAD01}</UniqueIdentifier>
      <Extensions>rc;ico;cur;bmp;dlg;rc2;rct;bin;rgs;gif;jpg;jpeg;jpe;resx;tiff;tif;png;wav;mfcribbon-ms</Extensions>
    </Filter>
    <Filter Include="Archivos de recursos\ProgrammingPatterns">
      <UniqueIdentifier>{3a41069b-6d0c-418d-a810-4e488887f6c6}</UniqueIdentifier>
    </Filter>
    <Filter Include="Archivos de recursos\ProgrammingPatterns\AbstractFactory">
      <UniqueIdentifier>{5d3edde7-816b-4bd5-9930-50c0c948c392}</UniqueIdentifier>
    </Filter>
    <Filter Include="Archivos de encabezado\ProgrammingPatterns">
      <UniqueIdentifier>{6492554b-a392-4577-94f5-689d627400bb}</UniqueIdentifier>
    </Filter>
    <Filter Include="Archivos de encabezado\ProgrammingPatterns\AbstractFactory">
      <UniqueIdentifier>{ad0dbbb1-b3f7-4a64-b3d9-642f5e3fc9d3}</UniqueIdentifier>
    </Filter>
    <Filter Include="Archivos de encabezado\ProgrammingPatterns\FurnitureFactory">
      <UniqueIdentifier>{bed5966e-d0f5-4966-8150-57087ed8c105}</UniqueIdentifier>
    </Filter>
    <Filter Include="Archivos de recursos\ProgrammingPatterns\FurnitureFactory">
      <UniqueIdentifier>{44235969-ab5f-4c18-8a50-046d33506bac}</UniqueIdentifier>
    </Filter>
    <Filter Include="Archivos de encabezado\ProgrammingPatterns\Builder">
      <UniqueIdentifier>{264d180f-ae1c-4ac0-86e0-15ad144dedf8}</UniqueIdentifier>
    </Filter>
    <Filter Include="Archivos de recursos\ProgrammingPatterns\Builder">
      <UniqueIdentifier>{23f3505d-aeec-46ab-a403-5f89f3fb0a0b}</UniqueIdentifier>
    </Filter>
    <Filter Include="Archivos de encabezado\ProgrammingPatterns\Pizzeria">
      <UniqueIdentifier>{369886fa-9b91-4a7f-8a31-812053516fa9}</UniqueIdentifier>
    </Filter>
    <Filter Include="Archivos de recursos\ProgrammingPatterns\Pizzeria">
      <UniqueIdentifier>{9bf92c0f-9959-4323-8cdf-8aa733cd1d9b}</UniqueIdentifier>
    </Filter>
    <Filter Include="Archivos de encabezado\ProgrammingPatterns\Prototype">
      <UniqueIdentifier>{c4b17eb9-05df-4b75-bc5d-a79d3d5a16e2}</UniqueIdentifier>
    </Filter>
    <Filter Include="Archivos de encabezado\ProgrammingPatterns\Adapter">
      <UniqueIdentifier>{c6a4f901-dab1-4fe3-8f45-dae715bf7ce1}</UniqueIdentifier>
    </Filter>
  </ItemGroup>
  <ItemGroup>
    <ClInclude Include="include\Prerequisites.h">
      <Filter>Archivos de encabezado</Filter>
    </ClInclude>
    <ClInclude Include="include\item.h">
      <Filter>Archivos de encabezado</Filter>
    </ClInclude>
    <ClInclude Include="include\Inventory.h">
      <Filter>Archivos de encabezado</Filter>
    </ClInclude>
    <ClInclude Include="include\Rectangulo.h">
      <Filter>Archivos de encabezado</Filter>
    </ClInclude>
    <ClInclude Include="include\Estudiante.h">
      <Filter>Archivos de encabezado</Filter>
    </ClInclude>
    <ClInclude Include="include\CuentaBancaria.h">
      <Filter>Archivos de encabezado</Filter>
    </ClInclude>
    <ClInclude Include="include\Banco.h">
      <Filter>Archivos de encabezado</Filter>
    </ClInclude>
    <ClInclude Include="include\UsuarioBancario.h">
      <Filter>Archivos de encabezado</Filter>
    </ClInclude>
    <ClInclude Include="include\Productos.h">
      <Filter>Archivos de encabezado</Filter>
    </ClInclude>
    <ClInclude Include="include\ProgrammingPatterns\MiSingleton.h">
      <Filter>Archivos de encabezado\ProgrammingPatterns</Filter>
    </ClInclude>
    <ClInclude Include="include\ProgrammingPatterns\FactoryMethod.h">
      <Filter>Archivos de encabezado\ProgrammingPatterns</Filter>
    </ClInclude>
    <ClInclude Include="include\Vehiculo.h">
      <Filter>Archivos de encabezado\ProgrammingPatterns</Filter>
    </ClInclude>
    <ClInclude Include="include\ProgrammingPatterns\AbstractFactory\FabricaAbstracta.h">
      <Filter>Archivos de encabezado\ProgrammingPatterns\AbstractFactory</Filter>
    </ClInclude>
    <ClInclude Include="include\ProgrammingPatterns\AbstractFactory\ProductoA.h">
      <Filter>Archivos de encabezado\ProgrammingPatterns\AbstractFactory</Filter>
    </ClInclude>
    <ClInclude Include="include\ProgrammingPatterns\AbstractFactory\ProductoB.h">
      <Filter>Archivos de encabezado\ProgrammingPatterns\AbstractFactory</Filter>
    </ClInclude>
    <ClInclude Include="include\ProgrammingPatterns\AbstractFactory\ProductoA1.h">
      <Filter>Archivos de encabezado\ProgrammingPatterns\AbstractFactory</Filter>
    </ClInclude>
    <ClInclude Include="include\ProgrammingPatterns\AbstractFactory\ProductoB1.h">
      <Filter>Archivos de encabezado\ProgrammingPatterns\AbstractFactory</Filter>
    </ClInclude>
    <ClInclude Include="include\ProgrammingPatterns\AbstractFactory\FabricaConcreta.h">
      <Filter>Archivos de encabezado\ProgrammingPatterns\AbstractFactory</Filter>
    </ClInclude>
    <ClInclude Include="include\ProgrammingPatterns\FurnitureFactory\Mueble.h">
      <Filter>Archivos de encabezado\ProgrammingPatterns\FurnitureFactory</Filter>
    </ClInclude>
    <ClInclude Include="include\ProgrammingPatterns\FurnitureFactory\FactoriaMuebles.h">
      <Filter>Archivos de encabezado\ProgrammingPatterns\FurnitureFactory</Filter>
    </ClInclude>
    <ClInclude Include="include\ProgrammingPatterns\FurnitureFactory\FactoriaMueblesRusticos.h">
      <Filter>Archivos de encabezado\ProgrammingPatterns\FurnitureFactory</Filter>
    </ClInclude>
    <ClInclude Include="include\ProgrammingPatterns\FurnitureFactory\FactoriaMueblesModernos.h">
      <Filter>Archivos de encabezado\ProgrammingPatterns\FurnitureFactory</Filter>
    </ClInclude>
    <ClInclude Include="source\ProgrammingPatterns\FurnitureFactory\StaticFurniture.h">
      <Filter>Archivos de encabezado\ProgrammingPatterns\FurnitureFactory</Filter>
    </ClInclude>
    <ClInclude Include="include\ProgrammingPatterns\Builder\Producto.h">
      <Filter>Archivos de encabezado\ProgrammingPatterns\Builder</Filter>
    </ClInclude>
    <ClInclude Include="include\ProgrammingPatterns\Builder\Builder.h">
      <Filter>Archivos de encabezado\ProgrammingPatterns\Builder</Filter>
    </ClInclude>
    <ClInclude Include="include\ProgrammingPatterns\Builder\BuilderConcreto.h">
      <Filter>Archivos de encabezado\ProgrammingPatterns\Builder</Filter>
    </ClInclude>
    <ClInclude Include="include\ProgrammingPatterns\Builder\Director.h">
      <Filter>Archivos de encabezado\ProgrammingPatterns\Builder</Filter>
    </ClInclude>
    <ClInclude Include="include\ProgrammingPatterns\Pizzeria\Pizza.h">
      <Filter>Archivos de encabezado\ProgrammingPatterns\Pizzeria</Filter>
    </ClInclude>
    <ClInclude Include="include\ProgrammingPatterns\Pizzeria\ConstructorPizza.h">
      <Filter>Archivos de encabezado\ProgrammingPatterns\Pizzeria</Filter>
    </ClInclude>
    <ClInclude Include="include\ProgrammingPatterns\Pizzeria\BuildPizzaHawaiana.h">
      <Filter>Archivos de encabezado\ProgrammingPatterns\Pizzeria</Filter>
    </ClInclude>
    <ClInclude Include="include\ProgrammingPatterns\Pizzeria\BuildPizzaVegeteriana.h">
      <Filter>Archivos de encabezado\ProgrammingPatterns\Pizzeria</Filter>
    </ClInclude>
    <ClInclude Include="include\ProgrammingPatterns\Prototype\Prototype.h">
      <Filter>Archivos de encabezado\ProgrammingPatterns\Prototype</Filter>
    </ClInclude>
    <ClInclude Include="include\ProgrammingPatterns\Prototype\PrototypeConcreto.h">
      <Filter>Archivos de encabezado\ProgrammingPatterns\Prototype</Filter>
    </ClInclude>
    <ClInclude Include="include\ProgrammingPatterns\Prototype\Documento.h">
      <Filter>Archivos de encabezado\ProgrammingPatterns\Prototype</Filter>
    </ClInclude>
    <ClInclude Include="include\ProgrammingPatterns\Prototype\DocumentoConcreto.h">
      <Filter>Archivos de encabezado\ProgrammingPatterns\Prototype</Filter>
    </ClInclude>
    <ClInclude Include="include\ProgrammingPatterns\Prototype\DocumentoImagen.h">
      <Filter>Archivos de encabezado\ProgrammingPatterns\Prototype</Filter>
    </ClInclude>
    <ClInclude Include="include\ProgrammingPatterns\Prototype\DocumentoTexto.h">
      <Filter>Archivos de encabezado\ProgrammingPatterns\Prototype</Filter>
    </ClInclude>
    <ClInclude Include="include\ProgrammingPatterns\Adapter\Dibujable.h">
      <Filter>Archivos de encabezado</Filter>
    </ClInclude>
    <ClInclude Include="include\ProgrammingPatterns\Adapter\InterfazNueva.h">
      <Filter>Archivos de encabezado</Filter>
    </ClInclude>
    <ClInclude Include="include\ProgrammingPatterns\Adapter\InterfazVieja.h">
      <Filter>Archivos de encabezado</Filter>
    </ClInclude>
    <ClInclude Include="include\ProgrammingPatterns\Adapter\Adaptador.h">
      <Filter>Archivos de encabezado\ProgrammingPatterns\Adapter</Filter>
    </ClInclude>
    <ClInclude Include="include\ProgrammingPatterns\Adapter\CirculoAdapter.h">
      <Filter>Archivos de encabezado\ProgrammingPatterns\Adapter</Filter>
    </ClInclude>
    <ClInclude Include="include\ProgrammingPatterns\Adapter\Cuadrado.h">
      <Filter>Archivos de encabezado\ProgrammingPatterns\Adapter</Filter>
    </ClInclude>
    <ClInclude Include="include\ProgrammingPatterns\Adapter\CuadradoAdapter.h">
      <Filter>Archivos de encabezado\ProgrammingPatterns\Adapter</Filter>
    </ClInclude>
    <ClInclude Include="include\ProgrammingPatterns\Adapter\Circulo.h">
      <Filter>Archivos de encabezado\ProgrammingPatterns\Adapter</Filter>
    </ClInclude>
  </ItemGroup>
  <ItemGroup>
    <ClCompile Include="source\ProgrammingPatterns\AbstractFactory\ProductoA1.cpp">
      <Filter>Archivos de recursos\ProgrammingPatterns\AbstractFactory</Filter>
    </ClCompile>
    <ClCompile Include="source\ProgrammingPatterns\AbstractFactory\ProductoB1.cpp">
      <Filter>Archivos de recursos\ProgrammingPatterns\AbstractFactory</Filter>
    </ClCompile>
    <ClCompile Include="source\main2.cpp">
      <Filter>Archivos de recursos</Filter>
    </ClCompile>
    <ClCompile Include="source\ProgrammingPatterns\FurnitureFactory\FactoriaMueblesModernos.cpp">
      <Filter>Archivos de recursos\ProgrammingPatterns\FurnitureFactory</Filter>
    </ClCompile>
    <ClCompile Include="source\ProgrammingPatterns\FurnitureFactory\FactoriaMueblesRusticos.cpp">
      <Filter>Archivos de recursos\ProgrammingPatterns\FurnitureFactory</Filter>
    </ClCompile>
    <ClCompile Include="source\ProgrammingPatterns\Builder\BuilderConcreto.cpp">
      <Filter>Archivos de recursos\ProgrammingPatterns\Builder</Filter>
    </ClCompile>
  </ItemGroup>
</Project>